{
  "version": 4,
  "terraform_version": "0.12.25",
  "serial": 1,
  "lineage": "4ee9b289-8add-4f7a-fd91-3958871766df",
  "outputs": {},
  "resources": [
    {
      "module": "module.module1",
      "mode": "managed",
      "type": "azurerm_storage_account",
      "name": "storage_account",
      "provider": "provider.azurerm",
      "instances": [
        {
          "schema_version": 2,
          "attributes": {
            "access_tier": "Hot",
            "account_encryption_source": "Microsoft.Storage",
            "account_kind": "StorageV2",
            "account_replication_type": "LRS",
            "account_tier": "Standard",
            "account_type": "Standard_LRS",
            "custom_domain": [],
            "enable_advanced_threat_protection": false,
            "enable_blob_encryption": true,
            "enable_file_encryption": true,
            "enable_https_traffic_only": true,
            "id": "/subscriptions/a38f6e33-2b42-4d94-ab1a-d8aaa0afb87f/resourceGroups/test34/providers/Microsoft.Storage/storageAccounts/account31245678567",
            "identity": [],
            "is_hns_enabled": false,
            "location": "westus",
            "name": "account31245678567",
            "network_rules": [],
            "primary_access_key": "mShRNPVU+Grv7y0capXaEJ9kbpSdYXjsTObueBrGMmAclNcY49x7rlbJdaPwK06WjXg049D0230aj0Bd0mDjjA==",
            "primary_blob_connection_string": "DefaultEndpointsProtocol=https;BlobEndpoint=https://account31245678567.blob.core.windows.net/;AccountName=account31245678567;AccountKey=mShRNPVU+Grv7y0capXaEJ9kbpSdYXjsTObueBrGMmAclNcY49x7rlbJdaPwK06WjXg049D0230aj0Bd0mDjjA==",
            "primary_blob_endpoint": "https://account31245678567.blob.core.windows.net/",
            "primary_blob_host": "account31245678567.blob.core.windows.net",
            "primary_connection_string": "DefaultEndpointsProtocol=https;AccountName=account31245678567;AccountKey=mShRNPVU+Grv7y0capXaEJ9kbpSdYXjsTObueBrGMmAclNcY49x7rlbJdaPwK06WjXg049D0230aj0Bd0mDjjA==;EndpointSuffix=core.windows.net",
            "primary_dfs_endpoint": "https://account31245678567.dfs.core.windows.net/",
            "primary_dfs_host": "account31245678567.dfs.core.windows.net",
            "primary_file_endpoint": "https://account31245678567.file.core.windows.net/",
            "primary_file_host": "account31245678567.file.core.windows.net",
            "primary_location": "westus",
            "primary_queue_endpoint": "https://account31245678567.queue.core.windows.net/",
            "primary_queue_host": "account31245678567.queue.core.windows.net",
            "primary_table_endpoint": "https://account31245678567.table.core.windows.net/",
            "primary_table_host": "account31245678567.table.core.windows.net",
            "primary_web_endpoint": "https://account31245678567.z22.web.core.windows.net/",
            "primary_web_host": "account31245678567.z22.web.core.windows.net",
            "queue_properties": [
              {
                "cors_rule": [],
                "hour_metrics": [
                  {
                    "enabled": true,
                    "include_apis": true,
                    "retention_policy_days": 7,
                    "version": "1.0"
                  }
                ],
                "logging": [
                  {
                    "delete": false,
                    "read": false,
                    "retention_policy_days": 0,
                    "version": "1.0",
                    "write": false
                  }
                ],
                "minute_metrics": [
                  {
                    "enabled": false,
                    "include_apis": false,
                    "retention_policy_days": 0,
                    "version": "1.0"
                  }
                ]
              }
            ],
            "resource_group_name": "test34",
            "secondary_access_key": "y/IIxmpnfNTmdfAxmRr0plQefZQuuHdRDM4rSV+RKXVIgGPt3+NMqx7ccp2W5YY1wAqn1riflusAevEn+Igk4A==",
            "secondary_blob_connection_string": "",
            "secondary_blob_endpoint": null,
            "secondary_blob_host": null,
            "secondary_connection_string": "DefaultEndpointsProtocol=https;AccountName=account31245678567;AccountKey=y/IIxmpnfNTmdfAxmRr0plQefZQuuHdRDM4rSV+RKXVIgGPt3+NMqx7ccp2W5YY1wAqn1riflusAevEn+Igk4A==;EndpointSuffix=core.windows.net",
            "secondary_dfs_endpoint": null,
            "secondary_dfs_host": null,
            "secondary_file_endpoint": null,
            "secondary_file_host": null,
            "secondary_location": "",
            "secondary_queue_endpoint": null,
            "secondary_queue_host": null,
            "secondary_table_endpoint": null,
            "secondary_table_host": null,
            "secondary_web_endpoint": null,
            "secondary_web_host": null,
            "tags": {}
          },
          "private": "eyJzY2hlbWFfdmVyc2lvbiI6IjIifQ=="
        }
      ]
    }
  ]
}
